
Microsoft Visual Studio Solution File, Format Version 12.00
# Visual Studio Version 17
VisualStudioVersion = 17.8.34309.116
MinimumVisualStudioVersion = 10.0.40219.1
Project("{FAE04EC0-301F-11D3-BF4B-00C04F79EFBC}") = "Lab0110_TakoClock", "Lab0110_TakoClock.csproj", "{F16A181E-1A27-42B1-9EC6-32C2CBCCE8DA}"
EndProject
Global
	GlobalSection(SolutionConfigurationPlatforms) = preSolution
		Debug|Any CPU = Debug|Any CPU
		Release|Any CPU = Release|Any CPU
	EndGlobalSection
	GlobalSection(ProjectConfigurationPlatforms) = postSolution
		{F16A181E-1A27-42B1-9EC6-32C2CBCCE8DA}.Debug|Any CPU.ActiveCfg = Debug|Any CPU
		{F16A181E-1A27-42B1-9EC6-32C2CBCCE8DA}.Debug|Any CPU.Build.0 = Debug|Any CPU
		{F16A181E-1A27-42B1-9EC6-32C2CBCCE8DA}.Release|Any CPU.ActiveCfg = Release|Any CPU
		{F16A181E-1A27-42B1-9EC6-32C2CBCCE8DA}.Release|Any CPU.Build.0 = Release|Any CPU
	EndGlobalSection
	GlobalSection(SolutionProperties) = preSolution
		HideSolutionNode = FALSE
	EndGlobalSection
	GlobalSection(ExtensibilityGlobals) = postSolution
		SolutionGuid = {D165F873-53BA-432D-A57C-8DF57701F9F8}
	EndGlobalSection
EndGlobal
